
Microsoft Visual Studio Solution File, Format Version 12.00
# Visual Studio 15
VisualStudioVersion = 15.0.27703.2026
MinimumVisualStudioVersion = 10.0.40219.1
Project("{FAE04EC0-301F-11D3-BF4B-00C04F79EFBC}") = "Moradi Remote Desktop", "Moradi Remote Desktop\Moradi Remote Desktop.csproj", "{E1B9E4EA-79D3-468C-8ECD-B9C1B0044918}"
EndProject
Global
	GlobalSection(SolutionConfigurationPlatforms) = preSolution
		Debug|Any CPU = Debug|Any CPU
		Release|Any CPU = Release|Any CPU
	EndGlobalSection
	GlobalSection(ProjectConfigurationPlatforms) = postSolution
		{E1B9E4EA-79D3-468C-8ECD-B9C1B0044918}.Debug|Any CPU.ActiveCfg = Debug|Any CPU
		{E1B9E4EA-79D3-468C-8ECD-B9C1B0044918}.Debug|Any CPU.Build.0 = Debug|Any CPU
		{E1B9E4EA-79D3-468C-8ECD-B9C1B0044918}.Release|Any CPU.ActiveCfg = Release|Any CPU
		{E1B9E4EA-79D3-468C-8ECD-B9C1B0044918}.Release|Any CPU.Build.0 = Release|Any CPU
	EndGlobalSection
	GlobalSection(SolutionProperties) = preSolution
		HideSolutionNode = FALSE
	EndGlobalSection
	GlobalSection(ExtensibilityGlobals) = postSolution
		SolutionGuid = {B1536CEE-6562-46FF-A663-BD7D6175705D}
	EndGlobalSection
EndGlobal
